[{<<"cowboy">>,
  {git,"https://github.com/emqx/cowboy",
       {ref,"3b6bdaf4f2e3c5b793a0c3cada2c3b74c3d5e885"}},
  1},
 {<<"cowlib">>,
  {git,"https://github.com/ninenines/cowlib",
       {ref,"c6553f8308a2ca5dcd69d845f0a7d098c40c3363"}},
  2},
 {<<"jiffy">>,
  {git,"https://github.com/emqx/jiffy",
       {ref,"baa1f4e750ae3c5c9e54f9c2e52280b7fc24a8d9"}},
  1},
 {<<"minirest">>,
  {git,"https://github.com/emqx/minirest.git",
       {ref,"5341730d18f0d0f9945b7c0ac6cbea8aad3b22b1"}},
  0},
 {<<"ranch">>,
  {git,"https://github.com/ninenines/ranch",
       {ref,"3190aef88aea04d6dce8545fe9b4574288903f44"}},
  2}].
